{
  "version": 4,
  "terraform_version": "1.9.8",
  "serial": 28,
  "lineage": "156002e5-a6f3-5343-7234-cf45008872ed",
  "outputs": {
    "airflow_gsa_email": {
      "value": "fsds-airflow-gsa@fsds-ecommerce.iam.gserviceaccount.com",
      "type": "string"
    },
    "bronze_bucket": {
      "value": "fsds-ecommerce-bronze-data",
      "type": "string"
    },
    "cloudsql_connection_name": {
      "value": "fsds-ecommerce:us-central1:fsds-pg",
      "type": "string"
    },
    "cluster_name": {
      "value": "fsds-ecommerce-cluster",
      "type": "string"
    },
    "cluster_zone": {
      "value": "us-central1-a",
      "type": "string"
    },
    "pg_password": {
      "value": "JsMKLzdHIeNylX0qkhqfCsFH",
      "type": "string",
      "sensitive": true
    },
    "silver_bucket": {
      "value": "fsds-ecommerce-silver-data",
      "type": "string"
    }
  },
  "resources": [
    {
      "mode": "data",
      "type": "google_compute_network",
      "name": "default",
      "provider": "provider[\"registry.terraform.io/hashicorp/google\"]",
      "instances": [
        {
          "schema_version": 0,
          "attributes": {
            "description": "Default network for the project",
            "gateway_ipv4": "",
            "id": "projects/fsds-ecommerce/global/networks/default",
            "internal_ipv6_range": "",
            "name": "default",
            "network_id": 1384120421820218249,
            "network_profile": "",
            "numeric_id": "1384120421820218249",
            "project": null,
            "self_link": "https://www.googleapis.com/compute/v1/projects/fsds-ecommerce/global/networks/default",
            "subnetworks_self_links": [
              "https://www.googleapis.com/compute/v1/projects/fsds-ecommerce/regions/us-west3/subnetworks/default",
              "https://www.googleapis.com/compute/v1/projects/fsds-ecommerce/regions/us-south1/subnetworks/default",
              "https://www.googleapis.com/compute/v1/projects/fsds-ecommerce/regions/us-west1/subnetworks/default",
              "https://www.googleapis.com/compute/v1/projects/fsds-ecommerce/regions/australia-southeast2/subnetworks/default",
              "https://www.googleapis.com/compute/v1/projects/fsds-ecommerce/regions/asia-northeast2/subnetworks/default",
              "https://www.googleapis.com/compute/v1/projects/fsds-ecommerce/regions/europe-west2/subnetworks/default",
              "https://www.googleapis.com/compute/v1/projects/fsds-ecommerce/regions/europe-southwest1/subnetworks/default",
              "https://www.googleapis.com/compute/v1/projects/fsds-ecommerce/regions/us-central1/subnetworks/default",
              "https://www.googleapis.com/compute/v1/projects/fsds-ecommerce/regions/asia-east2/subnetworks/default",
              "https://www.googleapis.com/compute/v1/projects/fsds-ecommerce/regions/europe-west4/subnetworks/default",
              "https://www.googleapis.com/compute/v1/projects/fsds-ecommerce/regions/europe-west6/subnetworks/default",
              "https://www.googleapis.com/compute/v1/projects/fsds-ecommerce/regions/australia-southeast1/subnetworks/default",
              "https://www.googleapis.com/compute/v1/projects/fsds-ecommerce/regions/asia-southeast1/subnetworks/default",
              "https://www.googleapis.com/compute/v1/projects/fsds-ecommerce/regions/europe-north1/subnetworks/default",
              "https://www.googleapis.com/compute/v1/projects/fsds-ecommerce/regions/europe-west8/subnetworks/default",
              "https://www.googleapis.com/compute/v1/projects/fsds-ecommerce/regions/us-west4/subnetworks/default",
              "https://www.googleapis.com/compute/v1/projects/fsds-ecommerce/regions/europe-west1/subnetworks/default",
              "https://www.googleapis.com/compute/v1/projects/fsds-ecommerce/regions/northamerica-northeast2/subnetworks/default",
              "https://www.googleapis.com/compute/v1/projects/fsds-ecommerce/regions/us-east1/subnetworks/default",
              "https://www.googleapis.com/compute/v1/projects/fsds-ecommerce/regions/asia-northeast1/subnetworks/default",
              "https://www.googleapis.com/compute/v1/projects/fsds-ecommerce/regions/asia-northeast3/subnetworks/default",
              "https://www.googleapis.com/compute/v1/projects/fsds-ecommerce/regions/africa-south1/subnetworks/default",
              "https://www.googleapis.com/compute/v1/projects/fsds-ecommerce/regions/asia-southeast3/subnetworks/default",
              "https://www.googleapis.com/compute/v1/projects/fsds-ecommerce/regions/europe-west12/subnetworks/default",
              "https://www.googleapis.com/compute/v1/projects/fsds-ecommerce/regions/europe-north2/subnetworks/default",
              "https://www.googleapis.com/compute/v1/projects/fsds-ecommerce/regions/us-east5/subnetworks/default",
              "https://www.googleapis.com/compute/v1/projects/fsds-ecommerce/regions/europe-central2/subnetworks/default",
              "https://www.googleapis.com/compute/v1/projects/fsds-ecommerce/regions/europe-west3/subnetworks/default",
              "https://www.googleapis.com/compute/v1/projects/fsds-ecommerce/regions/asia-south1/subnetworks/default",
              "https://www.googleapis.com/compute/v1/projects/fsds-ecommerce/regions/us-west2/subnetworks/default",
              "https://www.googleapis.com/compute/v1/projects/fsds-ecommerce/regions/europe-west10/subnetworks/default",
              "https://www.googleapis.com/compute/v1/projects/fsds-ecommerce/regions/asia-south2/subnetworks/default",
              "https://www.googleapis.com/compute/v1/projects/fsds-ecommerce/regions/me-west1/subnetworks/default",
              "https://www.googleapis.com/compute/v1/projects/fsds-ecommerce/regions/northamerica-northeast1/subnetworks/default",
              "https://www.googleapis.com/compute/v1/projects/fsds-ecommerce/regions/europe-west9/subnetworks/default",
              "https://www.googleapis.com/compute/v1/projects/fsds-ecommerce/regions/southamerica-east1/subnetworks/default",
              "https://www.googleapis.com/compute/v1/projects/fsds-ecommerce/regions/southamerica-west1/subnetworks/default",
              "https://www.googleapis.com/compute/v1/projects/fsds-ecommerce/regions/asia-east1/subnetworks/default",
              "https://www.googleapis.com/compute/v1/projects/fsds-ecommerce/regions/me-central1/subnetworks/default",
              "https://www.googleapis.com/compute/v1/projects/fsds-ecommerce/regions/us-east4/subnetworks/default",
              "https://www.googleapis.com/compute/v1/projects/fsds-ecommerce/regions/asia-southeast2/subnetworks/default",
              "https://www.googleapis.com/compute/v1/projects/fsds-ecommerce/regions/northamerica-south1/subnetworks/default"
            ]
          },
          "sensitive_attributes": []
        }
      ]
    },
    {
      "mode": "managed",
      "type": "google_container_cluster",
      "name": "primary",
      "provider": "provider[\"registry.terraform.io/hashicorp/google\"]",
      "instances": [
        {
          "schema_version": 2,
          "attributes": {
            "addons_config": [
              {
                "cloudrun_config": [],
                "config_connector_config": [],
                "dns_cache_config": [
                  {
                    "enabled": true
                  }
                ],
                "gce_persistent_disk_csi_driver_config": [
                  {
                    "enabled": true
                  }
                ],
                "gcp_filestore_csi_driver_config": [],
                "gcs_fuse_csi_driver_config": [],
                "gke_backup_agent_config": [],
                "horizontal_pod_autoscaling": [],
                "http_load_balancing": [],
                "lustre_csi_driver_config": [],
                "network_policy_config": [
                  {
                    "disabled": true
                  }
                ],
                "parallelstore_csi_driver_config": [],
                "ray_operator_config": [],
                "stateful_ha_config": []
              }
            ],
            "allow_net_admin": null,
            "anonymous_authentication_config": [
              {
                "mode": "LIMITED"
              }
            ],
            "authenticator_groups_config": [],
            "binary_authorization": [
              {
                "enabled": false,
                "evaluation_mode": ""
              }
            ],
            "cluster_autoscaling": [
              {
                "auto_provisioning_defaults": [],
                "auto_provisioning_locations": [],
                "autoscaling_profile": "BALANCED",
                "enabled": false,
                "resource_limits": []
              }
            ],
            "cluster_ipv4_cidr": "10.100.0.0/14",
            "confidential_nodes": [],
            "control_plane_endpoints_config": [
              {
                "dns_endpoint_config": [
                  {
                    "allow_external_traffic": false,
                    "endpoint": "gke-3880ce4a96314ac0a0dc2c33765f1ec0fe28-705792268362.us-central1-a.gke.goog"
                  }
                ],
                "ip_endpoints_config": [
                  {
                    "enabled": true
                  }
                ]
              }
            ],
            "cost_management_config": [],
            "database_encryption": [
              {
                "key_name": "",
                "state": "DECRYPTED"
              }
            ],
            "datapath_provider": "",
            "default_max_pods_per_node": 110,
            "default_snat_status": [
              {
                "disabled": false
              }
            ],
            "deletion_protection": false,
            "description": "",
            "disable_l4_lb_firewall_reconciliation": false,
            "dns_config": [],
            "effective_labels": {
              "goog-terraform-provisioned": "true"
            },
            "enable_autopilot": false,
            "enable_cilium_clusterwide_network_policy": false,
            "enable_fqdn_network_policy": false,
            "enable_intranode_visibility": false,
            "enable_k8s_beta_apis": [],
            "enable_kubernetes_alpha": false,
            "enable_l4_ilb_subsetting": false,
            "enable_legacy_abac": false,
            "enable_multi_networking": false,
            "enable_shielded_nodes": true,
            "enable_tpu": false,
            "endpoint": "34.30.76.243",
            "enterprise_config": [
              {
                "cluster_tier": "STANDARD",
                "desired_tier": ""
              }
            ],
            "fleet": [],
            "gateway_api_config": [],
            "gke_auto_upgrade_config": [],
            "id": "projects/fsds-ecommerce/locations/us-central1-a/clusters/fsds-ecommerce-cluster",
            "identity_service_config": [],
            "in_transit_encryption_config": "",
            "initial_node_count": 1,
            "ip_allocation_policy": [
              {
                "additional_ip_ranges_config": [],
                "additional_pod_ranges_config": [],
                "cluster_ipv4_cidr_block": "10.100.0.0/14",
                "cluster_secondary_range_name": "gke-fsds-ecommerce-cluster-pods-3880ce4a",
                "pod_cidr_overprovision_config": [
                  {
                    "disabled": false
                  }
                ],
                "services_ipv4_cidr_block": "34.118.224.0/20",
                "services_secondary_range_name": "",
                "stack_type": "IPV4"
              }
            ],
            "label_fingerprint": "78cdf2f6",
            "location": "us-central1-a",
            "logging_config": [
              {
                "enable_components": [
                  "SYSTEM_COMPONENTS",
                  "WORKLOADS"
                ]
              }
            ],
            "logging_service": "logging.googleapis.com/kubernetes",
            "maintenance_policy": [],
            "master_auth": [
              {
                "client_certificate": "",
                "client_certificate_config": [
                  {
                    "issue_client_certificate": false
                  }
                ],
                "client_key": "",
                "cluster_ca_certificate": "LS0tLS1CRUdJTiBDRVJUSUZJQ0FURS0tLS0tCk1JSUVMVENDQXBXZ0F3SUJBZ0lSQUpORDh4OU5wdVhKRUQyMG5vbU9ZVm93RFFZSktvWklodmNOQVFFTEJRQXcKTHpFdE1Dc0dBMVVFQXhNa09UVTNZekl3TWpNdFlXWmxNUzAwTnprd0xXRTJOREF0TVdGaU16QmpaRFJtWW1SaApNQ0FYRFRJMk1EY3hOakE0TWpRME1sb1lEekl3TlRZd056QTRNRGt5TkRReVdqQXZNUzB3S3dZRFZRUURFeVE1Ck5UZGpNakF5TXkxaFptVXhMVFEzT1RBdFlUWTBNQzB4WVdJek1HTmtOR1ppWkdFd2dnR2lNQTBHQ1NxR1NJYjMKRFFFQkFRVUFBNElCandBd2dnR0tBb0lCZ1FDTWFzZERGZGMvaGRLQXM1dHd2ZXZwRW5BTTNMY1ZRSStqUXVmSApKSElwNDUrK2tsU3Q4dDIrZG1JaTdQSSthZzI5ZFliRkQxZDY0ZXVHTWZtTDNnSlh2M0kzTFJZb2VnYXJ0QzJhCkZoOTR4bHpTUVlNNjJEOGNPM1JkVG1TY0ZpSzhyNGNIQTFqQkxNYUk3VEY5TG1HZFRuS1dzNEx0Y1lscmxJYkgKeTRxLzZTMGkzQ3lhVHh1aXlHVVJOMDRZbWZLRkdDaUJXMGsvb3M4K0hvbWN0MWJUV1Q0SWJiMzFOWDJpcVBxWgpOdTZzUlJaQmgyMWNjVjB1R0xkVi9EeVFRcUJQbzEyUnFmTmhQcGJNWUZteC9jQlZzOVllNmFWMnMxSUxRYzZTCi9obUV4Y1ZLTTdnQWREQ2xhMEhtTkIydWNvZEFncitLYU5KUUxjbFdrZ0YwckVSODMvTzdnMGp3eEFpaGJYTXAKWEtDR3MrVm1DRnVpSzJ2OEMzSjhBZFhpVEt2K1h0RkQrczgycWlpMWptcnFrVzMzMWkvMGtMTEx0MW1jNkRERQpDQmVJekhDSjdwb3FDVGU1a2Y3TS9ETHp3b2NzTkZPOXlLckpDYXB3RE44RzZBc1pwZ1VHdkkwN2NZNFZwREFDClZVSGJMVEY3cWhkRTFVRXh3TThxZ2RTdGVHMENBd0VBQWFOQ01FQXdEZ1lEVlIwUEFRSC9CQVFEQWdJRU1BOEcKQTFVZEV3RUIvd1FGTUFNQkFmOHdIUVlEVlIwT0JCWUVGSElEQWI4dmVrTFFRRkV0d21qN1dWcERnM0JhTUEwRwpDU3FHU0liM0RRRUJDd1VBQTRJQmdRQmN3SmQxQUxMR05IS1pjVlg1WTdjME9IVUZrT053MmwvTUt2L1pyMHA1CkNjc01FNDNITk5nditzSXk0c1VZQVFMZjVXNzRVRkR3allFSU9tanRuOEQ2RFR5ZENJYlg5UGlWYVJtRDIwOU4KNEw0ZkQ0dHBuNE5WcjhXVVhuKzdjaFdvdGdUWnFVSDF6U1hXWWFIWUwrY1hwQk9RREhwT2Jya0t5cWFpK2xoNgpRQ3o4dUhPbGw5eGtyQkxkc2dsYzhoRk1NWW5Bb3g2V1E1QkMzZ1hueXFwV2pzMmF4VHlhK09qWWJON0pkNWdwCmF3VEp1ZVJkUGdzblIxbDRTSVl1SXZaUjJ1NFoxRDl1c1puQ2lKSGlJZHZRbE9qdGdkak54THQxd1pBYXhjMkIKbjFGTmZocTJOS0xldHgva2N6U0RQeE9XWTd2b2JyZnRNM2JpNG1nZXg3YU9XcCttYTNvenRsY2VLT2k3ckRjNQp1TDNMeG1NaEpMZ1RWOHV1NWZTK00wTFhrUkdMZDBvRm5DTEQrQkhZMEZ1cnZTYTNEN3djOEw3TUhQT2hPWXRPCnVwbit1emN3bEQyT2FnUjJmUUZ1ZDNLeEZOV01KVUFtZnlUSEVPS1NXK0x0UVZZWTBYb1VPdTE4WHo0UERvWVIKREZvWlBYeWgzSjgwbE8rVUVhV0tGL1U9Ci0tLS0tRU5EIENFUlRJRklDQVRFLS0tLS0K"
              }
            ],
            "master_authorized_networks_config": [],
            "master_version": "1.35.5-gke.1241004",
            "mesh_certificates": [],
            "min_master_version": null,
            "monitoring_config": [
              {
                "advanced_datapath_observability_config": [
                  {
                    "enable_metrics": false,
                    "enable_relay": false
                  }
                ],
                "enable_components": [
                  "SYSTEM_COMPONENTS",
                  "STORAGE",
                  "HPA",
                  "POD",
                  "DAEMONSET",
                  "DEPLOYMENT",
                  "STATEFULSET",
                  "CADVISOR",
                  "KUBELET",
                  "DCGM",
                  "JOBSET"
                ],
                "managed_prometheus": [
                  {
                    "auto_monitoring_config": [],
                    "enabled": true
                  }
                ]
              }
            ],
            "monitoring_service": "monitoring.googleapis.com/kubernetes",
            "name": "fsds-ecommerce-cluster",
            "network": "projects/fsds-ecommerce/global/networks/default",
            "network_performance_config": [],
            "network_policy": [
              {
                "enabled": false,
                "provider": "PROVIDER_UNSPECIFIED"
              }
            ],
            "networking_mode": "VPC_NATIVE",
            "node_config": [
              {
                "advanced_machine_features": [],
                "boot_disk": [
                  {
                    "disk_type": "pd-balanced",
                    "provisioned_iops": 0,
                    "provisioned_throughput": 0,
                    "size_gb": 50
                  }
                ],
                "boot_disk_kms_key": "",
                "confidential_nodes": [],
                "containerd_config": [],
                "disk_size_gb": 50,
                "disk_type": "pd-balanced",
                "effective_taints": [],
                "enable_confidential_storage": false,
                "ephemeral_storage_local_ssd_config": [],
                "fast_socket": [],
                "flex_start": false,
                "gcfs_config": [],
                "guest_accelerator": [],
                "gvnic": [],
                "host_maintenance_policy": [],
                "image_type": "COS_CONTAINERD",
                "kubelet_config": [
                  {
                    "allowed_unsafe_sysctls": [],
                    "container_log_max_files": 0,
                    "container_log_max_size": "",
                    "cpu_cfs_quota": false,
                    "cpu_cfs_quota_period": "",
                    "cpu_manager_policy": "",
                    "eviction_max_pod_grace_period_seconds": 0,
                    "eviction_minimum_reclaim": [],
                    "eviction_soft": [],
                    "eviction_soft_grace_period": [],
                    "image_gc_high_threshold_percent": 0,
                    "image_gc_low_threshold_percent": 0,
                    "image_maximum_gc_age": "",
                    "image_minimum_gc_age": "",
                    "insecure_kubelet_readonly_port_enabled": "FALSE",
                    "max_parallel_image_pulls": 2,
                    "pod_pids_limit": 0,
                    "single_process_oom_kill": false
                  }
                ],
                "labels": {},
                "linux_node_config": [],
                "local_nvme_ssd_block_config": [],
                "local_ssd_count": 0,
                "local_ssd_encryption_mode": "",
                "logging_variant": "DEFAULT",
                "machine_type": "e2-standard-4",
                "max_run_duration": "",
                "metadata": {
                  "disable-legacy-endpoints": "true"
                },
                "min_cpu_platform": "",
                "node_group": "",
                "oauth_scopes": [
                  "https://www.googleapis.com/auth/cloud-platform"
                ],
                "preemptible": false,
                "reservation_affinity": [],
                "resource_labels": {
                  "goog-gke-node-pool-provisioning-model": "on-demand"
                },
                "resource_manager_tags": {},
                "secondary_boot_disks": [],
                "service_account": "default",
                "shielded_instance_config": [
                  {
                    "enable_integrity_monitoring": true,
                    "enable_secure_boot": false
                  }
                ],
                "sole_tenant_config": [],
                "spot": false,
                "storage_pools": [],
                "tags": [],
                "taint": [],
                "windows_node_config": [
                  {
                    "osversion": ""
                  }
                ],
                "workload_metadata_config": [
                  {
                    "mode": "GKE_METADATA"
                  }
                ]
              }
            ],
            "node_locations": [],
            "node_pool": [
              {
                "autoscaling": [],
                "initial_node_count": 1,
                "instance_group_urls": [
                  "https://www.googleapis.com/compute/v1/projects/fsds-ecommerce/zones/us-central1-a/instanceGroupManagers/gke-fsds-ecommerce-c-fsds-primary-poo-ecd4027a-grp"
                ],
                "managed_instance_group_urls": [
                  "https://www.googleapis.com/compute/v1/projects/fsds-ecommerce/zones/us-central1-a/instanceGroups/gke-fsds-ecommerce-c-fsds-primary-poo-ecd4027a-grp"
                ],
                "management": [
                  {
                    "auto_repair": true,
                    "auto_upgrade": true
                  }
                ],
                "max_pods_per_node": 110,
                "name": "fsds-primary-pool",
                "name_prefix": "",
                "network_config": [
                  {
                    "additional_node_network_configs": [],
                    "additional_pod_network_configs": [],
                    "create_pod_range": false,
                    "enable_private_nodes": false,
                    "network_performance_config": [],
                    "pod_cidr_overprovision_config": [],
                    "pod_ipv4_cidr_block": "10.100.0.0/14",
                    "pod_range": "gke-fsds-ecommerce-cluster-pods-3880ce4a",
                    "subnetwork": "projects/fsds-ecommerce/regions/us-central1/subnetworks/default"
                  }
                ],
                "node_config": [
                  {
                    "advanced_machine_features": [],
                    "boot_disk": [
                      {
                        "disk_type": "pd-balanced",
                        "provisioned_iops": 0,
                        "provisioned_throughput": 0,
                        "size_gb": 50
                      }
                    ],
                    "boot_disk_kms_key": "",
                    "confidential_nodes": [],
                    "containerd_config": [],
                    "disk_size_gb": 50,
                    "disk_type": "pd-balanced",
                    "effective_taints": [],
                    "enable_confidential_storage": false,
                    "ephemeral_storage_local_ssd_config": [],
                    "fast_socket": [],
                    "flex_start": false,
                    "gcfs_config": [],
                    "guest_accelerator": [],
                    "gvnic": [],
                    "host_maintenance_policy": [],
                    "image_type": "COS_CONTAINERD",
                    "kubelet_config": [
                      {
                        "allowed_unsafe_sysctls": [],
                        "container_log_max_files": 0,
                        "container_log_max_size": "",
                        "cpu_cfs_quota": false,
                        "cpu_cfs_quota_period": "",
                        "cpu_manager_policy": "",
                        "eviction_max_pod_grace_period_seconds": 0,
                        "eviction_minimum_reclaim": [],
                        "eviction_soft": [],
                        "eviction_soft_grace_period": [],
                        "image_gc_high_threshold_percent": 0,
                        "image_gc_low_threshold_percent": 0,
                        "image_maximum_gc_age": "",
                        "image_minimum_gc_age": "",
                        "insecure_kubelet_readonly_port_enabled": "FALSE",
                        "max_parallel_image_pulls": 2,
                        "pod_pids_limit": 0,
                        "single_process_oom_kill": false
                      }
                    ],
                    "labels": {},
                    "linux_node_config": [],
                    "local_nvme_ssd_block_config": [],
                    "local_ssd_count": 0,
                    "local_ssd_encryption_mode": "",
                    "logging_variant": "DEFAULT",
                    "machine_type": "e2-standard-4",
                    "max_run_duration": "",
                    "metadata": {
                      "disable-legacy-endpoints": "true"
                    },
                    "min_cpu_platform": "",
                    "node_group": "",
                    "oauth_scopes": [
                      "https://www.googleapis.com/auth/cloud-platform"
                    ],
                    "preemptible": false,
                    "reservation_affinity": [],
                    "resource_labels": {
                      "goog-gke-node-pool-provisioning-model": "on-demand"
                    },
                    "resource_manager_tags": {},
                    "secondary_boot_disks": [],
                    "service_account": "default",
                    "shielded_instance_config": [
                      {
                        "enable_integrity_monitoring": true,
                        "enable_secure_boot": false
                      }
                    ],
                    "sole_tenant_config": [],
                    "spot": false,
                    "storage_pools": [],
                    "tags": [],
                    "taint": [],
                    "windows_node_config": [
                      {
                        "osversion": ""
                      }
                    ],
                    "workload_metadata_config": [
                      {
                        "mode": "GKE_METADATA"
                      }
                    ]
                  }
                ],
                "node_count": 1,
                "node_locations": [
                  "us-central1-a"
                ],
                "placement_policy": [],
                "queued_provisioning": [],
                "upgrade_settings": [
                  {
                    "blue_green_settings": [],
                    "max_surge": 1,
                    "max_unavailable": 0,
                    "strategy": "SURGE"
                  }
                ],
                "version": "1.35.5-gke.1241004"
              }
            ],
            "node_pool_auto_config": [
              {
                "linux_node_config": [],
                "network_tags": [],
                "node_kubelet_config": [
                  {
                    "insecure_kubelet_readonly_port_enabled": "FALSE"
                  }
                ],
                "resource_manager_tags": {}
              }
            ],
            "node_pool_defaults": [
              {
                "node_config_defaults": [
                  {
                    "containerd_config": [],
                    "gcfs_config": [],
                    "insecure_kubelet_readonly_port_enabled": "FALSE",
                    "logging_variant": "DEFAULT"
                  }
                ]
              }
            ],
            "node_version": "1.35.5-gke.1241004",
            "notification_config": [
              {
                "pubsub": [
                  {
                    "enabled": false,
                    "filter": [],
                    "topic": ""
                  }
                ]
              }
            ],
            "operation": null,
            "pod_autoscaling": [
              {
                "hpa_profile": "PERFORMANCE"
              }
            ],
            "private_cluster_config": [
              {
                "enable_private_endpoint": false,
                "enable_private_nodes": false,
                "master_global_access_config": [
                  {
                    "enabled": false
                  }
                ],
                "master_ipv4_cidr_block": "",
                "peering_name": "",
                "private_endpoint": "10.128.0.2",
                "private_endpoint_subnetwork": "",
                "public_endpoint": "34.30.76.243"
              }
            ],
            "private_ipv6_google_access": "",
            "project": "fsds-ecommerce",
            "rbac_binding_config": [
              {
                "enable_insecure_binding_system_authenticated": true,
                "enable_insecure_binding_system_unauthenticated": true
              }
            ],
            "release_channel": [
              {
                "channel": "REGULAR"
              }
            ],
            "remove_default_node_pool": true,
            "resource_labels": {},
            "resource_usage_export_config": [],
            "secret_manager_config": [
              {
                "enabled": false
              }
            ],
            "security_posture_config": [
              {
                "mode": "BASIC",
                "vulnerability_mode": "VULNERABILITY_MODE_UNSPECIFIED"
              }
            ],
            "self_link": "https://container.googleapis.com/v1/projects/fsds-ecommerce/zones/us-central1-a/clusters/fsds-ecommerce-cluster",
            "service_external_ips_config": [
              {
                "enabled": false
              }
            ],
            "services_ipv4_cidr": "34.118.224.0/20",
            "subnetwork": "projects/fsds-ecommerce/regions/us-central1/subnetworks/default",
            "terraform_labels": {
              "goog-terraform-provisioned": "true"
            },
            "timeouts": null,
            "tpu_ipv4_cidr_block": "",
            "user_managed_keys_config": [],
            "vertical_pod_autoscaling": [],
            "workload_identity_config": [
              {
                "workload_pool": "fsds-ecommerce.svc.id.goog"
              }
            ]
          },
          "sensitive_attributes": [
            [
              {
                "type": "get_attr",
                "value": "master_auth"
              },
              {
                "type": "index",
                "value": {
                  "value": 0,
                  "type": "number"
                }
              },
              {
                "type": "get_attr",
                "value": "client_key"
              }
            ]
          ],
          "private": "eyJlMmJmYjczMC1lY2FhLTExZTYtOGY4OC0zNDM2M2JjN2M0YzAiOnsiY3JlYXRlIjoyNDAwMDAwMDAwMDAwLCJkZWxldGUiOjI0MDAwMDAwMDAwMDAsInJlYWQiOjI0MDAwMDAwMDAwMDAsInVwZGF0ZSI6MzYwMDAwMDAwMDAwMH0sInNjaGVtYV92ZXJzaW9uIjoiMiJ9",
          "dependencies": [
            "data.google_compute_network.default"
          ]
        }
      ]
    },
    {
      "mode": "managed",
      "type": "google_container_node_pool",
      "name": "primary",
      "provider": "provider[\"registry.terraform.io/hashicorp/google\"]",
      "instances": [
        {
          "schema_version": 1,
          "attributes": {
            "autoscaling": [],
            "cluster": "fsds-ecommerce-cluster",
            "id": "projects/fsds-ecommerce/locations/us-central1-a/clusters/fsds-ecommerce-cluster/nodePools/fsds-primary-pool",
            "initial_node_count": 1,
            "instance_group_urls": [
              "https://www.googleapis.com/compute/v1/projects/fsds-ecommerce/zones/us-central1-a/instanceGroupManagers/gke-fsds-ecommerce-c-fsds-primary-poo-ecd4027a-grp"
            ],
            "location": "us-central1-a",
            "managed_instance_group_urls": [
              "https://www.googleapis.com/compute/v1/projects/fsds-ecommerce/zones/us-central1-a/instanceGroups/gke-fsds-ecommerce-c-fsds-primary-poo-ecd4027a-grp"
            ],
            "management": [
              {
                "auto_repair": true,
                "auto_upgrade": true
              }
            ],
            "max_pods_per_node": 110,
            "name": "fsds-primary-pool",
            "name_prefix": "",
            "network_config": [
              {
                "additional_node_network_configs": [],
                "additional_pod_network_configs": [],
                "create_pod_range": false,
                "enable_private_nodes": false,
                "network_performance_config": [],
                "pod_cidr_overprovision_config": [],
                "pod_ipv4_cidr_block": "10.100.0.0/14",
                "pod_range": "gke-fsds-ecommerce-cluster-pods-3880ce4a",
                "subnetwork": "projects/fsds-ecommerce/regions/us-central1/subnetworks/default"
              }
            ],
            "node_config": [
              {
                "advanced_machine_features": [],
                "boot_disk": [
                  {
                    "disk_type": "pd-balanced",
                    "provisioned_iops": 0,
                    "provisioned_throughput": 0,
                    "size_gb": 50
                  }
                ],
                "boot_disk_kms_key": "",
                "confidential_nodes": [],
                "containerd_config": [],
                "disk_size_gb": 50,
                "disk_type": "pd-balanced",
                "effective_taints": [],
                "enable_confidential_storage": false,
                "ephemeral_storage_local_ssd_config": [],
                "fast_socket": [],
                "flex_start": false,
                "gcfs_config": [],
                "guest_accelerator": [],
                "gvnic": [],
                "host_maintenance_policy": [],
                "image_type": "COS_CONTAINERD",
                "kubelet_config": [
                  {
                    "allowed_unsafe_sysctls": [],
                    "container_log_max_files": 0,
                    "container_log_max_size": "",
                    "cpu_cfs_quota": false,
                    "cpu_cfs_quota_period": "",
                    "cpu_manager_policy": "",
                    "eviction_max_pod_grace_period_seconds": 0,
                    "eviction_minimum_reclaim": [],
                    "eviction_soft": [],
                    "eviction_soft_grace_period": [],
                    "image_gc_high_threshold_percent": 0,
                    "image_gc_low_threshold_percent": 0,
                    "image_maximum_gc_age": "",
                    "image_minimum_gc_age": "",
                    "insecure_kubelet_readonly_port_enabled": "FALSE",
                    "max_parallel_image_pulls": 2,
                    "pod_pids_limit": 0,
                    "single_process_oom_kill": false
                  }
                ],
                "labels": {},
                "linux_node_config": [],
                "local_nvme_ssd_block_config": [],
                "local_ssd_count": 0,
                "local_ssd_encryption_mode": "",
                "logging_variant": "DEFAULT",
                "machine_type": "e2-standard-4",
                "max_run_duration": "",
                "metadata": {
                  "disable-legacy-endpoints": "true"
                },
                "min_cpu_platform": "",
                "node_group": "",
                "oauth_scopes": [
                  "https://www.googleapis.com/auth/cloud-platform"
                ],
                "preemptible": false,
                "reservation_affinity": [],
                "resource_labels": {
                  "goog-gke-node-pool-provisioning-model": "on-demand"
                },
                "resource_manager_tags": {},
                "secondary_boot_disks": [],
                "service_account": "default",
                "shielded_instance_config": [
                  {
                    "enable_integrity_monitoring": true,
                    "enable_secure_boot": false
                  }
                ],
                "sole_tenant_config": [],
                "spot": false,
                "storage_pools": [],
                "tags": [],
                "taint": [],
                "windows_node_config": [
                  {
                    "osversion": ""
                  }
                ],
                "workload_metadata_config": [
                  {
                    "mode": "GKE_METADATA"
                  }
                ]
              }
            ],
            "node_count": 1,
            "node_locations": [
              "us-central1-a"
            ],
            "operation": null,
            "placement_policy": [],
            "project": "fsds-ecommerce",
            "queued_provisioning": [],
            "timeouts": null,
            "upgrade_settings": [
              {
                "blue_green_settings": [],
                "max_surge": 1,
                "max_unavailable": 0,
                "strategy": "SURGE"
              }
            ],
            "version": "1.35.5-gke.1241004"
          },
          "sensitive_attributes": [],
          "private": "eyJlMmJmYjczMC1lY2FhLTExZTYtOGY4OC0zNDM2M2JjN2M0YzAiOnsiY3JlYXRlIjoxODAwMDAwMDAwMDAwLCJkZWxldGUiOjE4MDAwMDAwMDAwMDAsInVwZGF0ZSI6MTgwMDAwMDAwMDAwMH0sInNjaGVtYV92ZXJzaW9uIjoiMSJ9",
          "dependencies": [
            "data.google_compute_network.default",
            "google_container_cluster.primary"
          ]
        }
      ]
    },
    {
      "mode": "managed",
      "type": "google_project_iam_member",
      "name": "airflow_cloudsql_client",
      "provider": "provider[\"registry.terraform.io/hashicorp/google\"]",
      "instances": [
        {
          "schema_version": 0,
          "attributes": {
            "condition": [],
            "etag": "BwZWtwPMTtk=",
            "id": "fsds-ecommerce/roles/cloudsql.client/serviceAccount:fsds-airflow-gsa@fsds-ecommerce.iam.gserviceaccount.com",
            "member": "serviceAccount:fsds-airflow-gsa@fsds-ecommerce.iam.gserviceaccount.com",
            "project": "fsds-ecommerce",
            "role": "roles/cloudsql.client"
          },
          "sensitive_attributes": [],
          "private": "bnVsbA==",
          "dependencies": [
            "google_service_account.airflow"
          ]
        }
      ]
    },
    {
      "mode": "managed",
      "type": "google_service_account",
      "name": "airflow",
      "provider": "provider[\"registry.terraform.io/hashicorp/google\"]",
      "instances": [
        {
          "schema_version": 0,
          "attributes": {
            "account_id": "fsds-airflow-gsa",
            "create_ignore_already_exists": null,
            "description": "",
            "disabled": false,
            "display_name": "fsds Airflow/Spark pipeline SA",
            "email": "fsds-airflow-gsa@fsds-ecommerce.iam.gserviceaccount.com",
            "id": "projects/fsds-ecommerce/serviceAccounts/fsds-airflow-gsa@fsds-ecommerce.iam.gserviceaccount.com",
            "member": "serviceAccount:fsds-airflow-gsa@fsds-ecommerce.iam.gserviceaccount.com",
            "name": "projects/fsds-ecommerce/serviceAccounts/fsds-airflow-gsa@fsds-ecommerce.iam.gserviceaccount.com",
            "project": "fsds-ecommerce",
            "timeouts": null,
            "unique_id": "115126553708678695706"
          },
          "sensitive_attributes": [],
          "private": "eyJlMmJmYjczMC1lY2FhLTExZTYtOGY4OC0zNDM2M2JjN2M0YzAiOnsiY3JlYXRlIjozMDAwMDAwMDAwMDB9fQ=="
        }
      ]
    },
    {
      "mode": "managed",
      "type": "google_service_account_iam_member",
      "name": "airflow_workload_identity",
      "provider": "provider[\"registry.terraform.io/hashicorp/google\"]",
      "instances": [
        {
          "schema_version": 0,
          "attributes": {
            "condition": [],
            "etag": "BwZWtzZFXYc=",
            "id": "projects/fsds-ecommerce/serviceAccounts/fsds-airflow-gsa@fsds-ecommerce.iam.gserviceaccount.com/roles/iam.workloadIdentityUser/serviceAccount:fsds-ecommerce.svc.id.goog[data-pipelines/fsds-airflow-ksa]",
            "member": "serviceAccount:fsds-ecommerce.svc.id.goog[data-pipelines/fsds-airflow-ksa]",
            "role": "roles/iam.workloadIdentityUser",
            "service_account_id": "projects/fsds-ecommerce/serviceAccounts/fsds-airflow-gsa@fsds-ecommerce.iam.gserviceaccount.com"
          },
          "sensitive_attributes": [],
          "private": "bnVsbA==",
          "dependencies": [
            "data.google_compute_network.default",
            "google_container_cluster.primary",
            "google_service_account.airflow"
          ]
        }
      ]
    },
    {
      "mode": "managed",
      "type": "google_sql_database",
      "name": "fsds",
      "provider": "provider[\"registry.terraform.io/hashicorp/google\"]",
      "instances": [
        {
          "schema_version": 0,
          "attributes": {
            "charset": "UTF8",
            "collation": "en_US.UTF8",
            "deletion_policy": "DELETE",
            "id": "projects/fsds-ecommerce/instances/fsds-pg/databases/fsds",
            "instance": "fsds-pg",
            "name": "fsds",
            "project": "fsds-ecommerce",
            "self_link": "https://sqladmin.googleapis.com/sql/v1beta4/projects/fsds-ecommerce/instances/fsds-pg/databases/fsds",
            "timeouts": null
          },
          "sensitive_attributes": [],
          "private": "eyJlMmJmYjczMC1lY2FhLTExZTYtOGY4OC0zNDM2M2JjN2M0YzAiOnsiY3JlYXRlIjoxMjAwMDAwMDAwMDAwLCJkZWxldGUiOjEyMDAwMDAwMDAwMDAsInVwZGF0ZSI6MTIwMDAwMDAwMDAwMH19",
          "dependencies": [
            "google_sql_database_instance.primary"
          ]
        }
      ]
    },
    {
      "mode": "managed",
      "type": "google_sql_database_instance",
      "name": "primary",
      "provider": "provider[\"registry.terraform.io/hashicorp/google\"]",
      "instances": [
        {
          "schema_version": 0,
          "attributes": {
            "available_maintenance_versions": [],
            "clone": [],
            "connection_name": "fsds-ecommerce:us-central1:fsds-pg",
            "database_version": "POSTGRES_15",
            "deletion_protection": false,
            "dns_name": "",
            "dns_names": [],
            "encryption_key_name": null,
            "first_ip_address": "136.65.143.133",
            "id": "fsds-pg",
            "instance_type": "CLOUD_SQL_INSTANCE",
            "ip_address": [
              {
                "ip_address": "136.65.143.133",
                "time_to_retire": "",
                "type": "PRIMARY"
              },
              {
                "ip_address": "34.72.155.12",
                "time_to_retire": "",
                "type": "OUTGOING"
              }
            ],
            "maintenance_version": "POSTGRES_15_18.R20260319.07_22",
            "master_instance_name": "",
            "name": "fsds-pg",
            "node_count": 0,
            "private_ip_address": "",
            "project": "fsds-ecommerce",
            "psc_service_attachment_link": "",
            "public_ip_address": "136.65.143.133",
            "region": "us-central1",
            "replica_configuration": [],
            "replica_names": [],
            "replication_cluster": [
              {
                "dr_replica": false,
                "failover_dr_replica_name": "",
                "psa_write_endpoint": ""
              }
            ],
            "restore_backup_context": [],
            "root_password": null,
            "self_link": "https://sqladmin.googleapis.com/sql/v1beta4/projects/fsds-ecommerce/instances/fsds-pg",
            "server_ca_cert": [
              {
                "cert": "-----BEGIN CERTIFICATE-----\nMIIDcTCCAlmgAwIBAgIBADANBgkqhkiG9w0BAQsFADBwMS0wKwYDVQQuEyQ4ODI5\nYjBhZC04NTg0LTQ1ZWUtYjhhMC00ZTc3MmNiNTgzOTAxHDAaBgNVBAMTE0Nsb3Vk\nIFNRTCBTZXJ2ZXIgQ0ExFDASBgNVBAoTC0dvb2dsZSwgSW5jMQswCQYDVQQGEwJV\nUzAeFw0yNjA3MTYwOTI1MDJaFw0zNjA3MTMwOTI2MDJaMHAxLTArBgNVBC4TJDg4\nMjliMGFkLTg1ODQtNDVlZS1iOGEwLTRlNzcyY2I1ODM5MDEcMBoGA1UEAxMTQ2xv\ndWQgU1FMIFNlcnZlciBDQTEUMBIGA1UEChMLR29vZ2xlLCBJbmMxCzAJBgNVBAYT\nAlVTMIIBIjANBgkqhkiG9w0BAQEFAAOCAQ8AMIIBCgKCAQEAw6/86iQCfn7CW3mr\nOHsi4eyajUfwMQ+xBdt3q0W6MK/mo1zHrLpphNmWiXfBJdU5paZINzfhtAAJKLl2\nL7Mr6+8lpizSJAHQW9ZzAL6S2s1/Rrbq4vdYsfWCqqozkSmzb5RcQ+0AYnH2lGma\n5VPub6YFdFzLAiGNIwN3GPPRlKYI2SsaL2oQTtsdrTvjgXQ9KsuKpyVrWoj6WtwW\nEe1qYW/JdbV9xpCeBMXDQxmtrOBhEeRAEs8LFnHJSdYqmhCpVJgNr+LpxHg/r/Xs\nOwGmCR06x0u9ogcwnkYLLfEU11qCMoadQNhnN6emUSgH8JLMBsFkVIkaJhb/sfvc\nD754EQIDAQABoxYwFDASBgNVHRMBAf8ECDAGAQH/AgEAMA0GCSqGSIb3DQEBCwUA\nA4IBAQAYnl5qjJ2RPBzP0xEf55OyBMcutstnO+9I75BGvYthd/WnMYeDI1h6+oSr\nZHCsbfGGH5ym6bp6KrNXuAgP47gvkCz8QT+EduHoKgqziMRhhqiDSSaWjdpT4lek\nftkyRIHk4DpS+W8W7A5tiRSybZuHn6fmDbsPQfPr28ijeqARvEkCqOvgKus8SP9H\nXkoQ8CjIVKtso+Vf4wz52uBiifcX14HMolFCvhtLNT7RSlLGQZNsPCOYjNWNcL6s\nCWRUgUD22xsIXne6H6DgXq9lKaFgt0fmdAEXzmGORJA3es30oDWEhscAed4cRLNV\nni2ha4vPHgd1an5RKDU3tUM34Sj/\n-----END CERTIFICATE-----",
                "common_name": "C=US,O=Google\\, Inc,CN=Cloud SQL Server CA,dnQualifier=8829b0ad-8584-45ee-b8a0-4e772cb58390",
                "create_time": "2026-07-16T09:25:02.373Z",
                "expiration_time": "2036-07-13T09:26:02.373Z",
                "sha1_fingerprint": "cf2ae97d1e5e5132bff0facc4557675052db801d"
              }
            ],
            "service_account_email_address": "p705792268362-doe7kc@gcp-sa-cloud-sql.iam.gserviceaccount.com",
            "settings": [
              {
                "activation_policy": "ALWAYS",
                "active_directory_config": [],
                "advanced_machine_features": [],
                "availability_type": "ZONAL",
                "backup_configuration": [
                  {
                    "backup_retention_settings": [
                      {
                        "retained_backups": 7,
                        "retention_unit": "COUNT"
                      }
                    ],
                    "binary_log_enabled": false,
                    "enabled": false,
                    "location": "",
                    "point_in_time_recovery_enabled": false,
                    "start_time": "10:00",
                    "transaction_log_retention_days": 7
                  }
                ],
                "collation": "",
                "connection_pool_config": [],
                "connector_enforcement": "NOT_REQUIRED",
                "data_cache_config": [
                  {
                    "data_cache_enabled": false
                  }
                ],
                "database_flags": [],
                "deletion_protection_enabled": false,
                "deny_maintenance_period": [],
                "disk_autoresize": true,
                "disk_autoresize_limit": 0,
                "disk_size": 10,
                "disk_type": "PD_SSD",
                "edition": "ENTERPRISE",
                "effective_availability_type": "ZONAL",
                "enable_dataplex_integration": false,
                "enable_google_ml_integration": false,
                "insights_config": [],
                "ip_configuration": [
                  {
                    "allocated_ip_range": "",
                    "authorized_networks": [],
                    "custom_subject_alternative_names": [],
                    "enable_private_path_for_google_cloud_services": false,
                    "ipv4_enabled": true,
                    "private_network": "",
                    "psc_config": [],
                    "server_ca_mode": "GOOGLE_MANAGED_INTERNAL_CA",
                    "server_ca_pool": "",
                    "ssl_mode": "ALLOW_UNENCRYPTED_AND_ENCRYPTED"
                  }
                ],
                "location_preference": [
                  {
                    "follow_gae_application": "",
                    "secondary_zone": "",
                    "zone": "us-central1-a"
                  }
                ],
                "maintenance_window": [],
                "password_validation_policy": [],
                "pricing_plan": "PER_USE",
                "retain_backups_on_delete": false,
                "sql_server_audit_config": [],
                "tier": "db-g1-small",
                "time_zone": "",
                "user_labels": {},
                "version": 2
              }
            ],
            "timeouts": null
          },
          "sensitive_attributes": [
            [
              {
                "type": "get_attr",
                "value": "server_ca_cert"
              }
            ],
            [
              {
                "type": "get_attr",
                "value": "root_password"
              }
            ]
          ],
          "private": "eyJlMmJmYjczMC1lY2FhLTExZTYtOGY4OC0zNDM2M2JjN2M0YzAiOnsiY3JlYXRlIjo1NDAwMDAwMDAwMDAwLCJkZWxldGUiOjU0MDAwMDAwMDAwMDAsInVwZGF0ZSI6NTQwMDAwMDAwMDAwMH19"
        }
      ]
    },
    {
      "mode": "managed",
      "type": "google_sql_user",
      "name": "fsds",
      "provider": "provider[\"registry.terraform.io/hashicorp/google\"]",
      "instances": [
        {
          "schema_version": 1,
          "attributes": {
            "deletion_policy": null,
            "host": "",
            "id": "fsds//fsds-pg",
            "instance": "fsds-pg",
            "name": "fsds",
            "password": "JsMKLzdHIeNylX0qkhqfCsFH",
            "password_policy": [],
            "password_wo": null,
            "password_wo_version": null,
            "project": "fsds-ecommerce",
            "sql_server_user_details": [],
            "timeouts": null,
            "type": ""
          },
          "sensitive_attributes": [
            [
              {
                "type": "get_attr",
                "value": "password"
              }
            ]
          ],
          "private": "eyJlMmJmYjczMC1lY2FhLTExZTYtOGY4OC0zNDM2M2JjN2M0YzAiOnsiY3JlYXRlIjo2MDAwMDAwMDAwMDAsImRlbGV0ZSI6NjAwMDAwMDAwMDAwLCJ1cGRhdGUiOjYwMDAwMDAwMDAwMH0sInNjaGVtYV92ZXJzaW9uIjoiMSJ9",
          "dependencies": [
            "google_sql_database_instance.primary",
            "random_password.pg_password"
          ]
        }
      ]
    },
    {
      "mode": "managed",
      "type": "google_storage_bucket",
      "name": "bronze",
      "provider": "provider[\"registry.terraform.io/hashicorp/google\"]",
      "instances": [
        {
          "schema_version": 3,
          "attributes": {
            "autoclass": [],
            "cors": [],
            "custom_placement_config": [],
            "default_event_based_hold": false,
            "effective_labels": {
              "goog-terraform-provisioned": "true"
            },
            "enable_object_retention": false,
            "encryption": [],
            "force_destroy": true,
            "hierarchical_namespace": [
              {
                "enabled": false
              }
            ],
            "id": "fsds-ecommerce-bronze-data",
            "ip_filter": [],
            "labels": {},
            "lifecycle_rule": [],
            "location": "US-CENTRAL1",
            "logging": [],
            "name": "fsds-ecommerce-bronze-data",
            "project": "fsds-ecommerce",
            "project_number": 705792268362,
            "public_access_prevention": "inherited",
            "requester_pays": false,
            "retention_policy": [],
            "rpo": null,
            "self_link": "https://www.googleapis.com/storage/v1/b/fsds-ecommerce-bronze-data",
            "soft_delete_policy": [
              {
                "effective_time": "2026-07-16T09:24:35.955Z",
                "retention_duration_seconds": 604800
              }
            ],
            "storage_class": "STANDARD",
            "terraform_labels": {
              "goog-terraform-provisioned": "true"
            },
            "time_created": "2026-07-16T09:24:35.955Z",
            "timeouts": null,
            "uniform_bucket_level_access": true,
            "updated": "2026-07-16T09:24:58.739Z",
            "url": "gs://fsds-ecommerce-bronze-data",
            "versioning": [],
            "website": []
          },
          "sensitive_attributes": [],
          "private": "eyJlMmJmYjczMC1lY2FhLTExZTYtOGY4OC0zNDM2M2JjN2M0YzAiOnsiY3JlYXRlIjo2MDAwMDAwMDAwMDAsInJlYWQiOjI0MDAwMDAwMDAwMCwidXBkYXRlIjoyNDAwMDAwMDAwMDB9LCJzY2hlbWFfdmVyc2lvbiI6IjMifQ=="
        }
      ]
    },
    {
      "mode": "managed",
      "type": "google_storage_bucket",
      "name": "silver",
      "provider": "provider[\"registry.terraform.io/hashicorp/google\"]",
      "instances": [
        {
          "schema_version": 3,
          "attributes": {
            "autoclass": [],
            "cors": [],
            "custom_placement_config": [],
            "default_event_based_hold": false,
            "effective_labels": {
              "goog-terraform-provisioned": "true"
            },
            "enable_object_retention": false,
            "encryption": [],
            "force_destroy": true,
            "hierarchical_namespace": [
              {
                "enabled": false
              }
            ],
            "id": "fsds-ecommerce-silver-data",
            "ip_filter": [],
            "labels": {},
            "lifecycle_rule": [],
            "location": "US-CENTRAL1",
            "logging": [],
            "name": "fsds-ecommerce-silver-data",
            "project": "fsds-ecommerce",
            "project_number": 705792268362,
            "public_access_prevention": "inherited",
            "requester_pays": false,
            "retention_policy": [],
            "rpo": null,
            "self_link": "https://www.googleapis.com/storage/v1/b/fsds-ecommerce-silver-data",
            "soft_delete_policy": [
              {
                "effective_time": "2026-07-16T09:24:36.193Z",
                "retention_duration_seconds": 604800
              }
            ],
            "storage_class": "STANDARD",
            "terraform_labels": {
              "goog-terraform-provisioned": "true"
            },
            "time_created": "2026-07-16T09:24:36.193Z",
            "timeouts": null,
            "uniform_bucket_level_access": true,
            "updated": "2026-07-16T09:24:58.343Z",
            "url": "gs://fsds-ecommerce-silver-data",
            "versioning": [],
            "website": []
          },
          "sensitive_attributes": [],
          "private": "eyJlMmJmYjczMC1lY2FhLTExZTYtOGY4OC0zNDM2M2JjN2M0YzAiOnsiY3JlYXRlIjo2MDAwMDAwMDAwMDAsInJlYWQiOjI0MDAwMDAwMDAwMCwidXBkYXRlIjoyNDAwMDAwMDAwMDB9LCJzY2hlbWFfdmVyc2lvbiI6IjMifQ=="
        }
      ]
    },
    {
      "mode": "managed",
      "type": "google_storage_bucket_iam_member",
      "name": "airflow_bronze",
      "provider": "provider[\"registry.terraform.io/hashicorp/google\"]",
      "instances": [
        {
          "schema_version": 0,
          "attributes": {
            "bucket": "b/fsds-ecommerce-bronze-data",
            "condition": [],
            "etag": "CAI=",
            "id": "b/fsds-ecommerce-bronze-data/roles/storage.objectAdmin/serviceAccount:fsds-airflow-gsa@fsds-ecommerce.iam.gserviceaccount.com",
            "member": "serviceAccount:fsds-airflow-gsa@fsds-ecommerce.iam.gserviceaccount.com",
            "role": "roles/storage.objectAdmin"
          },
          "sensitive_attributes": [],
          "private": "bnVsbA==",
          "dependencies": [
            "google_service_account.airflow",
            "google_storage_bucket.bronze"
          ]
        }
      ]
    },
    {
      "mode": "managed",
      "type": "google_storage_bucket_iam_member",
      "name": "airflow_silver",
      "provider": "provider[\"registry.terraform.io/hashicorp/google\"]",
      "instances": [
        {
          "schema_version": 0,
          "attributes": {
            "bucket": "b/fsds-ecommerce-silver-data",
            "condition": [],
            "etag": "CAI=",
            "id": "b/fsds-ecommerce-silver-data/roles/storage.objectAdmin/serviceAccount:fsds-airflow-gsa@fsds-ecommerce.iam.gserviceaccount.com",
            "member": "serviceAccount:fsds-airflow-gsa@fsds-ecommerce.iam.gserviceaccount.com",
            "role": "roles/storage.objectAdmin"
          },
          "sensitive_attributes": [],
          "private": "bnVsbA==",
          "dependencies": [
            "google_service_account.airflow",
            "google_storage_bucket.silver"
          ]
        }
      ]
    },
    {
      "mode": "managed",
      "type": "random_password",
      "name": "pg_password",
      "provider": "provider[\"registry.terraform.io/hashicorp/random\"]",
      "instances": [
        {
          "schema_version": 3,
          "attributes": {
            "bcrypt_hash": "$2a$10$g6HlEWXV84vZskJVyvWbeO/Xk5cZKgBm6jCwldMUKzByMN/4YJCkW",
            "id": "none",
            "keepers": null,
            "length": 24,
            "lower": true,
            "min_lower": 0,
            "min_numeric": 0,
            "min_special": 0,
            "min_upper": 0,
            "number": true,
            "numeric": true,
            "override_special": null,
            "result": "JsMKLzdHIeNylX0qkhqfCsFH",
            "special": false,
            "upper": true
          },
          "sensitive_attributes": [
            [
              {
                "type": "get_attr",
                "value": "result"
              }
            ],
            [
              {
                "type": "get_attr",
                "value": "bcrypt_hash"
              }
            ]
          ]
        }
      ]
    }
  ],
  "check_results": null
}
